
Microsoft Visual Studio Solution File, Format Version 12.00
# Visual Studio Version 17
VisualStudioVersion = 17.11.35327.3
MinimumVisualStudioVersion = 10.0.40219.1
Project("{FAE04EC0-301F-11D3-BF4B-00C04F79EFBC}") = "Shopping.Client", "Shopping.Client\Shopping.Client.csproj", "{E4A75849-2E34-44AC-9345-17365F2DAB9A}"
EndProject
Global
	GlobalSection(SolutionConfigurationPlatforms) = preSolution
		Debug|Any CPU = Debug|Any CPU
		Release|Any CPU = Release|Any CPU
	EndGlobalSection
	GlobalSection(ProjectConfigurationPlatforms) = postSolution
		{E4A75849-2E34-44AC-9345-17365F2DAB9A}.Debug|Any CPU.ActiveCfg = Debug|Any CPU
		{E4A75849-2E34-44AC-9345-17365F2DAB9A}.Debug|Any CPU.Build.0 = Debug|Any CPU
		{E4A75849-2E34-44AC-9345-17365F2DAB9A}.Release|Any CPU.ActiveCfg = Release|Any CPU
		{E4A75849-2E34-44AC-9345-17365F2DAB9A}.Release|Any CPU.Build.0 = Release|Any CPU
	EndGlobalSection
	GlobalSection(SolutionProperties) = preSolution
		HideSolutionNode = FALSE
	EndGlobalSection
	GlobalSection(ExtensibilityGlobals) = postSolution
		SolutionGuid = {01E6FB19-077E-411B-91F3-2DB942B90295}
	EndGlobalSection
EndGlobal
